
Microsoft Visual Studio Solution File, Format Version 12.00
# Visual Studio Version 16
VisualStudioVersion = 16.0.29306.81
MinimumVisualStudioVersion = 10.0.40219.1
Project("{FAE04EC0-301F-11D3-BF4B-00C04F79EFBC}") = "BadgerysCreekHotel", "BadgerysCreekHotel.csproj", "{986D4756-DFD7-4CAA-AE5D-AEEA40E11620}"
EndProject
Global
	GlobalSection(SolutionConfigurationPlatforms) = preSolution
		Debug|Any CPU = Debug|Any CPU
		Release|Any CPU = Release|Any CPU
	EndGlobalSection
	GlobalSection(ProjectConfigurationPlatforms) = postSolution
		{986D4756-DFD7-4CAA-AE5D-AEEA40E11620}.Debug|Any CPU.ActiveCfg = Debug|Any CPU
		{986D4756-DFD7-4CAA-AE5D-AEEA40E11620}.Debug|Any CPU.Build.0 = Debug|Any CPU
		{986D4756-DFD7-4CAA-AE5D-AEEA40E11620}.Release|Any CPU.ActiveCfg = Release|Any CPU
		{986D4756-DFD7-4CAA-AE5D-AEEA40E11620}.Release|Any CPU.Build.0 = Release|Any CPU
	EndGlobalSection
	GlobalSection(SolutionProperties) = preSolution
		HideSolutionNode = FALSE
	EndGlobalSection
	GlobalSection(ExtensibilityGlobals) = postSolution
		SolutionGuid = {B32570E8-04F6-49EE-8AEB-7CBE5869C0CD}
	EndGlobalSection
EndGlobal
